
Microsoft Visual Studio Solution File, Format Version 12.00
# Visual Studio 15
VisualStudioVersion = 15.0.26730.16
MinimumVisualStudioVersion = 10.0.40219.1
Project("{FAE04EC0-301F-11D3-BF4B-00C04F79EFBC}") = "StateCalc", "StateCalc\StateCalc.csproj", "{7BA404C0-D89B-4B3E-A65D-07D561733BBD}"
EndProject
Project("{FAE04EC0-301F-11D3-BF4B-00C04F79EFBC}") = "StateCalcTests", "StateCalcTests\StateCalcTests.csproj", "{01D203A0-3E44-49EB-958D-656C7CC32460}"
EndProject
Global
	GlobalSection(SolutionConfigurationPlatforms) = preSolution
		Debug|Any CPU = Debug|Any CPU
		Release|Any CPU = Release|Any CPU
	EndGlobalSection
	GlobalSection(ProjectConfigurationPlatforms) = postSolution
		{7BA404C0-D89B-4B3E-A65D-07D561733BBD}.Debug|Any CPU.ActiveCfg = Debug|Any CPU
		{7BA404C0-D89B-4B3E-A65D-07D561733BBD}.Debug|Any CPU.Build.0 = Debug|Any CPU
		{7BA404C0-D89B-4B3E-A65D-07D561733BBD}.Release|Any CPU.ActiveCfg = Release|Any CPU
		{7BA404C0-D89B-4B3E-A65D-07D561733BBD}.Release|Any CPU.Build.0 = Release|Any CPU
		{01D203A0-3E44-49EB-958D-656C7CC32460}.Debug|Any CPU.ActiveCfg = Debug|Any CPU
		{01D203A0-3E44-49EB-958D-656C7CC32460}.Debug|Any CPU.Build.0 = Debug|Any CPU
		{01D203A0-3E44-49EB-958D-656C7CC32460}.Release|Any CPU.ActiveCfg = Release|Any CPU
		{01D203A0-3E44-49EB-958D-656C7CC32460}.Release|Any CPU.Build.0 = Release|Any CPU
	EndGlobalSection
	GlobalSection(SolutionProperties) = preSolution
		HideSolutionNode = FALSE
	EndGlobalSection
	GlobalSection(ExtensibilityGlobals) = postSolution
		SolutionGuid = {E09A3529-B77E-4618-B728-A161E5724079}
	EndGlobalSection
EndGlobal
