
Microsoft Visual Studio Solution File, Format Version 12.00
# Visual Studio 2012
Project("{FAE04EC0-301F-11D3-BF4B-00C04F79EFBC}") = "IsSorted", "IsSorted\IsSorted.csproj", "{276D5407-EB51-427F-B5E4-0FA77375E67B}"
EndProject
Project("{FAE04EC0-301F-11D3-BF4B-00C04F79EFBC}") = "ProgramTests", "ProgramTests\ProgramTests.csproj", "{6B90C2BC-9C11-4E8D-A215-F3301F176C4C}"
EndProject
Global
	GlobalSection(SolutionConfigurationPlatforms) = preSolution
		Debug|Any CPU = Debug|Any CPU
		Release|Any CPU = Release|Any CPU
	EndGlobalSection
	GlobalSection(ProjectConfigurationPlatforms) = postSolution
		{276D5407-EB51-427F-B5E4-0FA77375E67B}.Debug|Any CPU.ActiveCfg = Debug|Any CPU
		{276D5407-EB51-427F-B5E4-0FA77375E67B}.Debug|Any CPU.Build.0 = Debug|Any CPU
		{276D5407-EB51-427F-B5E4-0FA77375E67B}.Release|Any CPU.ActiveCfg = Release|Any CPU
		{276D5407-EB51-427F-B5E4-0FA77375E67B}.Release|Any CPU.Build.0 = Release|Any CPU
		{6B90C2BC-9C11-4E8D-A215-F3301F176C4C}.Debug|Any CPU.ActiveCfg = Debug|Any CPU
		{6B90C2BC-9C11-4E8D-A215-F3301F176C4C}.Debug|Any CPU.Build.0 = Debug|Any CPU
		{6B90C2BC-9C11-4E8D-A215-F3301F176C4C}.Release|Any CPU.ActiveCfg = Release|Any CPU
		{6B90C2BC-9C11-4E8D-A215-F3301F176C4C}.Release|Any CPU.Build.0 = Release|Any CPU
	EndGlobalSection
EndGlobal
