
Microsoft Visual Studio Solution File, Format Version 12.00
# Visual Studio 15
VisualStudioVersion = 15.0.27703.2035
MinimumVisualStudioVersion = 10.0.40219.1
Project("{FAE04EC0-301F-11D3-BF4B-00C04F79EFBC}") = "UI", "UI\UI.csproj", "{DE8459F1-BE2F-471C-A279-6998236146ED}"
EndProject
Project("{FAE04EC0-301F-11D3-BF4B-00C04F79EFBC}") = "Model", "Model\Model.csproj", "{9AE21820-1FE6-4DAF-BB64-EFEDBE264B6B}"
EndProject
Project("{FAE04EC0-301F-11D3-BF4B-00C04F79EFBC}") = "Business", "Business\Business.csproj", "{07A3F8AB-FCAD-4596-B603-377370DA8826}"
EndProject
Project("{FAE04EC0-301F-11D3-BF4B-00C04F79EFBC}") = "Repository", "Repository\Repository.csproj", "{DBC17312-5D3C-4A85-84C0-2899FC5F6330}"
EndProject
Project("{FAE04EC0-301F-11D3-BF4B-00C04F79EFBC}") = "UITest", "UITest\UITest.csproj", "{13A0B46B-251D-40FB-B1E2-A3FED277B5AB}"
EndProject
Project("{FAE04EC0-301F-11D3-BF4B-00C04F79EFBC}") = "RepositoryTests", "RepositoryTests\RepositoryTests.csproj", "{95CE5F0F-6ACA-4617-A5F8-4D58C612D018}"
EndProject
Project("{FAE04EC0-301F-11D3-BF4B-00C04F79EFBC}") = "BusinessTests", "BusinessTests\BusinessTests.csproj", "{B6397509-F90C-4BA2-B6FE-CC98F6C8638D}"
EndProject
Global
	GlobalSection(SolutionConfigurationPlatforms) = preSolution
		Debug|Any CPU = Debug|Any CPU
		Release|Any CPU = Release|Any CPU
	EndGlobalSection
	GlobalSection(ProjectConfigurationPlatforms) = postSolution
		{DE8459F1-BE2F-471C-A279-6998236146ED}.Debug|Any CPU.ActiveCfg = Debug|Any CPU
		{DE8459F1-BE2F-471C-A279-6998236146ED}.Debug|Any CPU.Build.0 = Debug|Any CPU
		{DE8459F1-BE2F-471C-A279-6998236146ED}.Release|Any CPU.ActiveCfg = Release|Any CPU
		{DE8459F1-BE2F-471C-A279-6998236146ED}.Release|Any CPU.Build.0 = Release|Any CPU
		{9AE21820-1FE6-4DAF-BB64-EFEDBE264B6B}.Debug|Any CPU.ActiveCfg = Debug|Any CPU
		{9AE21820-1FE6-4DAF-BB64-EFEDBE264B6B}.Debug|Any CPU.Build.0 = Debug|Any CPU
		{9AE21820-1FE6-4DAF-BB64-EFEDBE264B6B}.Release|Any CPU.ActiveCfg = Release|Any CPU
		{9AE21820-1FE6-4DAF-BB64-EFEDBE264B6B}.Release|Any CPU.Build.0 = Release|Any CPU
		{07A3F8AB-FCAD-4596-B603-377370DA8826}.Debug|Any CPU.ActiveCfg = Debug|Any CPU
		{07A3F8AB-FCAD-4596-B603-377370DA8826}.Debug|Any CPU.Build.0 = Debug|Any CPU
		{07A3F8AB-FCAD-4596-B603-377370DA8826}.Release|Any CPU.ActiveCfg = Release|Any CPU
		{07A3F8AB-FCAD-4596-B603-377370DA8826}.Release|Any CPU.Build.0 = Release|Any CPU
		{DBC17312-5D3C-4A85-84C0-2899FC5F6330}.Debug|Any CPU.ActiveCfg = Debug|Any CPU
		{DBC17312-5D3C-4A85-84C0-2899FC5F6330}.Debug|Any CPU.Build.0 = Debug|Any CPU
		{DBC17312-5D3C-4A85-84C0-2899FC5F6330}.Release|Any CPU.ActiveCfg = Release|Any CPU
		{DBC17312-5D3C-4A85-84C0-2899FC5F6330}.Release|Any CPU.Build.0 = Release|Any CPU
		{13A0B46B-251D-40FB-B1E2-A3FED277B5AB}.Debug|Any CPU.ActiveCfg = Debug|Any CPU
		{13A0B46B-251D-40FB-B1E2-A3FED277B5AB}.Debug|Any CPU.Build.0 = Debug|Any CPU
		{13A0B46B-251D-40FB-B1E2-A3FED277B5AB}.Release|Any CPU.ActiveCfg = Release|Any CPU
		{13A0B46B-251D-40FB-B1E2-A3FED277B5AB}.Release|Any CPU.Build.0 = Release|Any CPU
		{95CE5F0F-6ACA-4617-A5F8-4D58C612D018}.Debug|Any CPU.ActiveCfg = Debug|Any CPU
		{95CE5F0F-6ACA-4617-A5F8-4D58C612D018}.Debug|Any CPU.Build.0 = Debug|Any CPU
		{95CE5F0F-6ACA-4617-A5F8-4D58C612D018}.Release|Any CPU.ActiveCfg = Release|Any CPU
		{95CE5F0F-6ACA-4617-A5F8-4D58C612D018}.Release|Any CPU.Build.0 = Release|Any CPU
		{B6397509-F90C-4BA2-B6FE-CC98F6C8638D}.Debug|Any CPU.ActiveCfg = Debug|Any CPU
		{B6397509-F90C-4BA2-B6FE-CC98F6C8638D}.Debug|Any CPU.Build.0 = Debug|Any CPU
		{B6397509-F90C-4BA2-B6FE-CC98F6C8638D}.Release|Any CPU.ActiveCfg = Release|Any CPU
		{B6397509-F90C-4BA2-B6FE-CC98F6C8638D}.Release|Any CPU.Build.0 = Release|Any CPU
	EndGlobalSection
	GlobalSection(SolutionProperties) = preSolution
		HideSolutionNode = FALSE
	EndGlobalSection
	GlobalSection(ExtensibilityGlobals) = postSolution
		SolutionGuid = {FE2D8ECA-D511-4F90-9972-C1E05D2B8BD5}
	EndGlobalSection
EndGlobal
