
Microsoft Visual Studio Solution File, Format Version 12.00
# Visual Studio 2012
Project("{FAE04EC0-301F-11D3-BF4B-00C04F79EFBC}") = "LoggerLib", "LoggerLib\LoggerLib.csproj", "{CE8BBB1D-914E-41F5-B174-58BB145C94BC}"
EndProject
Project("{FAE04EC0-301F-11D3-BF4B-00C04F79EFBC}") = "LoggerTests", "LoggerTests\LoggerTests.csproj", "{DEF600A2-9A30-4DE8-81E9-358E23348677}"
EndProject
Project("{FAE04EC0-301F-11D3-BF4B-00C04F79EFBC}") = "LoggerApp", "LoggerApp\LoggerApp.csproj", "{98B33E33-66E0-4031-BCAF-A70B38C4D2D0}"
EndProject
Global
	GlobalSection(SolutionConfigurationPlatforms) = preSolution
		Debug|Any CPU = Debug|Any CPU
		Release|Any CPU = Release|Any CPU
	EndGlobalSection
	GlobalSection(ProjectConfigurationPlatforms) = postSolution
		{CE8BBB1D-914E-41F5-B174-58BB145C94BC}.Debug|Any CPU.ActiveCfg = Debug|Any CPU
		{CE8BBB1D-914E-41F5-B174-58BB145C94BC}.Debug|Any CPU.Build.0 = Debug|Any CPU
		{CE8BBB1D-914E-41F5-B174-58BB145C94BC}.Release|Any CPU.ActiveCfg = Release|Any CPU
		{CE8BBB1D-914E-41F5-B174-58BB145C94BC}.Release|Any CPU.Build.0 = Release|Any CPU
		{DEF600A2-9A30-4DE8-81E9-358E23348677}.Debug|Any CPU.ActiveCfg = Debug|Any CPU
		{DEF600A2-9A30-4DE8-81E9-358E23348677}.Debug|Any CPU.Build.0 = Debug|Any CPU
		{DEF600A2-9A30-4DE8-81E9-358E23348677}.Release|Any CPU.ActiveCfg = Release|Any CPU
		{DEF600A2-9A30-4DE8-81E9-358E23348677}.Release|Any CPU.Build.0 = Release|Any CPU
		{98B33E33-66E0-4031-BCAF-A70B38C4D2D0}.Debug|Any CPU.ActiveCfg = Debug|Any CPU
		{98B33E33-66E0-4031-BCAF-A70B38C4D2D0}.Debug|Any CPU.Build.0 = Debug|Any CPU
		{98B33E33-66E0-4031-BCAF-A70B38C4D2D0}.Release|Any CPU.ActiveCfg = Release|Any CPU
		{98B33E33-66E0-4031-BCAF-A70B38C4D2D0}.Release|Any CPU.Build.0 = Release|Any CPU
	EndGlobalSection
EndGlobal
