
Microsoft Visual Studio Solution File, Format Version 12.00
# Visual Studio 15
VisualStudioVersion = 15.0.27703.2035
MinimumVisualStudioVersion = 10.0.40219.1
Project("{FAE04EC0-301F-11D3-BF4B-00C04F79EFBC}") = "LoggerLibrary", "LoggerLibrary\LoggerLibrary.csproj", "{B1E41982-F61E-4978-82AE-62FA0909AEA3}"
EndProject
Project("{FAE04EC0-301F-11D3-BF4B-00C04F79EFBC}") = "LoggerApp", "LoggerApp\LoggerApp.csproj", "{A03FDB15-3AAC-4BB2-A5EC-4FE1013652DB}"
	ProjectSection(ProjectDependencies) = postProject
		{B1E41982-F61E-4978-82AE-62FA0909AEA3} = {B1E41982-F61E-4978-82AE-62FA0909AEA3}
	EndProjectSection
EndProject
Project("{FAE04EC0-301F-11D3-BF4B-00C04F79EFBC}") = "LoggerTests", "LoggerTests\LoggerTests.csproj", "{66A5CAD3-21B3-4A58-8FD1-AB03F4FE50F4}"
	ProjectSection(ProjectDependencies) = postProject
		{B1E41982-F61E-4978-82AE-62FA0909AEA3} = {B1E41982-F61E-4978-82AE-62FA0909AEA3}
	EndProjectSection
EndProject
Global
	GlobalSection(SolutionConfigurationPlatforms) = preSolution
		Debug|Any CPU = Debug|Any CPU
		Release|Any CPU = Release|Any CPU
	EndGlobalSection
	GlobalSection(ProjectConfigurationPlatforms) = postSolution
		{B1E41982-F61E-4978-82AE-62FA0909AEA3}.Debug|Any CPU.ActiveCfg = Debug|Any CPU
		{B1E41982-F61E-4978-82AE-62FA0909AEA3}.Debug|Any CPU.Build.0 = Debug|Any CPU
		{B1E41982-F61E-4978-82AE-62FA0909AEA3}.Release|Any CPU.ActiveCfg = Release|Any CPU
		{B1E41982-F61E-4978-82AE-62FA0909AEA3}.Release|Any CPU.Build.0 = Release|Any CPU
		{A03FDB15-3AAC-4BB2-A5EC-4FE1013652DB}.Debug|Any CPU.ActiveCfg = Debug|Any CPU
		{A03FDB15-3AAC-4BB2-A5EC-4FE1013652DB}.Debug|Any CPU.Build.0 = Debug|Any CPU
		{A03FDB15-3AAC-4BB2-A5EC-4FE1013652DB}.Release|Any CPU.ActiveCfg = Release|Any CPU
		{A03FDB15-3AAC-4BB2-A5EC-4FE1013652DB}.Release|Any CPU.Build.0 = Release|Any CPU
		{66A5CAD3-21B3-4A58-8FD1-AB03F4FE50F4}.Debug|Any CPU.ActiveCfg = Debug|Any CPU
		{66A5CAD3-21B3-4A58-8FD1-AB03F4FE50F4}.Debug|Any CPU.Build.0 = Debug|Any CPU
		{66A5CAD3-21B3-4A58-8FD1-AB03F4FE50F4}.Release|Any CPU.ActiveCfg = Release|Any CPU
		{66A5CAD3-21B3-4A58-8FD1-AB03F4FE50F4}.Release|Any CPU.Build.0 = Release|Any CPU
	EndGlobalSection
	GlobalSection(SolutionProperties) = preSolution
		HideSolutionNode = FALSE
	EndGlobalSection
	GlobalSection(ExtensibilityGlobals) = postSolution
		SolutionGuid = {6BAD7870-3828-4B1C-896D-567EAB0BEB7D}
	EndGlobalSection
EndGlobal
